
Microsoft Visual Studio Solution File, Format Version 12.00
Project("{FAE04EC0-301F-11D3-BF4B-00C04F79EFBC}") = "SickLeaveTelegramBot.App", "SickLeaveTelegramBot.App\SickLeaveTelegramBot.App.csproj", "{99E4F3E2-8768-4D08-B91D-A42C9B0AC05C}"
EndProject
Project("{FAE04EC0-301F-11D3-BF4B-00C04F79EFBC}") = "SickLeaveTelegramBot.Domain", "SickLeaveTelegramBot.Domain\SickLeaveTelegramBot.Domain.csproj", "{176367A2-3C7B-4550-AE0B-25C4A0815B14}"
EndProject
Global
	GlobalSection(SolutionConfigurationPlatforms) = preSolution
		Debug|Any CPU = Debug|Any CPU
		Release|Any CPU = Release|Any CPU
	EndGlobalSection
	GlobalSection(ProjectConfigurationPlatforms) = postSolution
		{99E4F3E2-8768-4D08-B91D-A42C9B0AC05C}.Debug|Any CPU.ActiveCfg = Debug|Any CPU
		{99E4F3E2-8768-4D08-B91D-A42C9B0AC05C}.Debug|Any CPU.Build.0 = Debug|Any CPU
		{99E4F3E2-8768-4D08-B91D-A42C9B0AC05C}.Release|Any CPU.ActiveCfg = Release|Any CPU
		{99E4F3E2-8768-4D08-B91D-A42C9B0AC05C}.Release|Any CPU.Build.0 = Release|Any CPU
		{176367A2-3C7B-4550-AE0B-25C4A0815B14}.Debug|Any CPU.ActiveCfg = Debug|Any CPU
		{176367A2-3C7B-4550-AE0B-25C4A0815B14}.Debug|Any CPU.Build.0 = Debug|Any CPU
		{176367A2-3C7B-4550-AE0B-25C4A0815B14}.Release|Any CPU.ActiveCfg = Release|Any CPU
		{176367A2-3C7B-4550-AE0B-25C4A0815B14}.Release|Any CPU.Build.0 = Release|Any CPU
	EndGlobalSection
EndGlobal
